// !$*UTF8*$!
{
	archiveVersion = 1;
	classes = {
	};
	objectVersion = 48;
	objects = {

/* Begin PBXBuildFile section */
		0ADD37A2A94096770B7B7BA9 /* Pods_YYLayer.framework in Frameworks */ = {isa = PBXBuildFile; fileRef = 853E9371FB005954EB226C67 /* Pods_YYLayer.framework */; };
		6025A3B6205FFBDE00A84938 /* AppDelegate.m in Sources */ = {isa = PBXBuildFile; fileRef = 6025A3B5205FFBDE00A84938 /* AppDelegate.m */; };
		6025A3B9205FFBDE00A84938 /* ViewController.m in Sources */ = {isa = PBXBuildFile; fileRef = 6025A3B8205FFBDE00A84938 /* ViewController.m */; };
		6025A3BC205FFBDE00A84938 /* Main.storyboard in Resources */ = {isa = PBXBuildFile; fileRef = 6025A3BA205FFBDE00A84938 /* Main.storyboard */; };
		6025A3BE205FFBDE00A84938 /* Assets.xcassets in Resources */ = {isa = PBXBuildFile; fileRef = 6025A3BD205FFBDE00A84938 /* Assets.xcassets */; };
		6025A3C1205FFBDE00A84938 /* LaunchScreen.storyboard in Resources */ = {isa = PBXBuildFile; fileRef = 6025A3BF205FFBDE00A84938 /* LaunchScreen.storyboard */; };
		6025A3C4205FFBDE00A84938 /* main.m in Sources */ = {isa = PBXBuildFile; fileRef = 6025A3C3205FFBDE00A84938 /* main.m */; };
		6025A3CE205FFBDE00A84938 /* YYLayerTests.m in Sources */ = {isa = PBXBuildFile; fileRef = 6025A3CD205FFBDE00A84938 /* YYLayerTests.m */; };
		6025A3D9205FFBDE00A84938 /* YYLayerUITests.m in Sources */ = {isa = PBXBuildFile; fileRef = 6025A3D8205FFBDE00A84938 /* YYLayerUITests.m */; };
		609C34862063C88A00A1A051 /* YYOneViewController.m in Sources */ = {isa = PBXBuildFile; fileRef = 609C34852063C88A00A1A051 /* YYOneViewController.m */; };
		609C34882063CBF100A1A051 /* YYLayerScheme.plist in Resources */ = {isa = PBXBuildFile; fileRef = 609C34872063CBF100A1A051 /* YYLayerScheme.plist */; };
/* End PBXBuildFile section */

/* Begin PBXContainerItemProxy section */
		6025A3CA205FFBDE00A84938 /* PBXContainerItemProxy */ = {
			isa = PBXContainerItemProxy;
			containerPortal = 6025A3A9205FFBDE00A84938 /* Project object */;
			proxyType = 1;
			remoteGlobalIDString = 6025A3B0205FFBDE00A84938;
			remoteInfo = YYLayer;
		};
		6025A3D5205FFBDE00A84938 /* PBXContainerItemProxy */ = {
			isa = PBXContainerItemProxy;
			containerPortal = 6025A3A9205FFBDE00A84938 /* Project object */;
			proxyType = 1;
			remoteGlobalIDString = 6025A3B0205FFBDE00A84938;
			remoteInfo = YYLayer;
		};
/* End PBXContainerItemProxy section */

/* Begin PBXFileReference section */
		02303345D761EC67C8BC9CE9 /* Pods-YYLayer.release.xcconfig */ = {isa = PBXFileReference; includeInIndex = 1; lastKnownFileType = text.xcconfig; name = "Pods-YYLayer.release.xcconfig"; path = "Pods/Target Support Files/Pods-YYLayer/Pods-YYLayer.release.xcconfig"; sourceTree = "<group>"; };
		6025A3B1205FFBDE00A84938 /* YYLayer.app */ = {isa = PBXFileReference; explicitFileType = wrapper.application; includeInIndex = 0; path = YYLayer.app; sourceTree = BUILT_PRODUCTS_DIR; };
		6025A3B4205FFBDE00A84938 /* AppDelegate.h */ = {isa = PBXFileReference; lastKnownFileType = sourcecode.c.h; path = AppDelegate.h; sourceTree = "<group>"; };
		6025A3B5205FFBDE00A84938 /* AppDelegate.m */ = {isa = PBXFileReference; lastKnownFileType = sourcecode.c.objc; path = AppDelegate.m; sourceTree = "<group>"; };
		6025A3B7205FFBDE00A84938 /* ViewController.h */ = {isa = PBXFileReference; lastKnownFileType = sourcecode.c.h; path = ViewController.h; sourceTree = "<group>"; };
		6025A3B8205FFBDE00A84938 /* ViewController.m */ = {isa = PBXFileReference; lastKnownFileType = sourcecode.c.objc; path = ViewController.m; sourceTree = "<group>"; };
		6025A3BB205FFBDE00A84938 /* Base */ = {isa = PBXFileReference; lastKnownFileType = file.storyboard; name = Base; path = Base.lproj/Main.storyboard; sourceTree = "<group>"; };
		6025A3BD205FFBDE00A84938 /* Assets.xcassets */ = {isa = PBXFileReference; lastKnownFileType = folder.assetcatalog; path = Assets.xcassets; sourceTree = "<group>"; };
		6025A3C0205FFBDE00A84938 /* Base */ = {isa = PBXFileReference; lastKnownFileType = file.storyboard; name = Base; path = Base.lproj/LaunchScreen.storyboard; sourceTree = "<group>"; };
		6025A3C2205FFBDE00A84938 /* Info.plist */ = {isa = PBXFileReference; lastKnownFileType = text.plist.xml; path = Info.plist; sourceTree = "<group>"; };
		6025A3C3205FFBDE00A84938 /* main.m */ = {isa = PBXFileReference; lastKnownFileType = sourcecode.c.objc; path = main.m; sourceTree = "<group>"; };
		6025A3C9205FFBDE00A84938 /* YYLayerTests.xctest */ = {isa = PBXFileReference; explicitFileType = wrapper.cfbundle; includeInIndex = 0; path = YYLayerTests.xctest; sourceTree = BUILT_PRODUCTS_DIR; };
		6025A3CD205FFBDE00A84938 /* YYLayerTests.m */ = {isa = PBXFileReference; lastKnownFileType = sourcecode.c.objc; path = YYLayerTests.m; sourceTree = "<group>"; };
		6025A3CF205FFBDE00A84938 /* Info.plist */ = {isa = PBXFileReference; lastKnownFileType = text.plist.xml; path = Info.plist; sourceTree = "<group>"; };
		6025A3D4205FFBDE00A84938 /* YYLayerUITests.xctest */ = {isa = PBXFileReference; explicitFileType = wrapper.cfbundle; includeInIndex = 0; path = YYLayerUITests.xctest; sourceTree = BUILT_PRODUCTS_DIR; };
		6025A3D8205FFBDE00A84938 /* YYLayerUITests.m */ = {isa = PBXFileReference; lastKnownFileType = sourcecode.c.objc; path = YYLayerUITests.m; sourceTree = "<group>"; };
		6025A3DA205FFBDF00A84938 /* Info.plist */ = {isa = PBXFileReference; lastKnownFileType = text.plist.xml; path = Info.plist; sourceTree = "<group>"; };
		609C34842063C88A00A1A051 /* YYOneViewController.h */ = {isa = PBXFileReference; lastKnownFileType = sourcecode.c.h; path = YYOneViewController.h; sourceTree = "<group>"; };
		609C34852063C88A00A1A051 /* YYOneViewController.m */ = {isa = PBXFileReference; lastKnownFileType = sourcecode.c.objc; path = YYOneViewController.m; sourceTree = "<group>"; };
		609C34872063CBF100A1A051 /* YYLayerScheme.plist */ = {isa = PBXFileReference; fileEncoding = 4; lastKnownFileType = text.plist.xml; path = YYLayerScheme.plist; sourceTree = "<group>"; };
		853E9371FB005954EB226C67 /* Pods_YYLayer.framework */ = {isa = PBXFileReference; explicitFileType = wrapper.framework; includeInIndex = 0; path = Pods_YYLayer.framework; sourceTree = BUILT_PRODUCTS_DIR; };
		B28F237DE1246A7222628C2C /* Pods-YYLayer.debug.xcconfig */ = {isa = PBXFileReference; includeInIndex = 1; lastKnownFileType = text.xcconfig; name = "Pods-YYLayer.debug.xcconfig"; path = "Pods/Target Support Files/Pods-YYLayer/Pods-YYLayer.debug.xcconfig"; sourceTree = "<group>"; };
/* End PBXFileReference section */

/* Begin PBXFrameworksBuildPhase section */
		6025A3AE205FFBDE00A84938 /* Frameworks */ = {
			isa = PBXFrameworksBuildPhase;
			buildActionMask = 2147483647;
			files = (
				0ADD37A2A94096770B7B7BA9 /* Pods_YYLayer.framework in Frameworks */,
			);
			runOnlyForDeploymentPostprocessing = 0;
		};
		6025A3C6205FFBDE00A84938 /* Frameworks */ = {
			isa = PBXFrameworksBuildPhase;
			buildActionMask = 2147483647;
			files = (
			);
			runOnlyForDeploymentPostprocessing = 0;
		};
		6025A3D1205FFBDE00A84938 /* Frameworks */ = {
			isa = PBXFrameworksBuildPhase;
			buildActionMask = 2147483647;
			files = (
			);
			runOnlyForDeploymentPostprocessing = 0;
		};
/* End PBXFrameworksBuildPhase section */

/* Begin PBXGroup section */
		6025A3A8205FFBDE00A84938 = {
			isa = PBXGroup;
			children = (
				6025A3B3205FFBDE00A84938 /* YYLayer */,
				6025A3CC205FFBDE00A84938 /* YYLayerTests */,
				6025A3D7205FFBDE00A84938 /* YYLayerUITests */,
				6025A3B2205FFBDE00A84938 /* Products */,
				72C064E3F6E77AD6904DD387 /* Pods */,
				815E4F850CFDDBC1A441648F /* Frameworks */,
			);
			sourceTree = "<group>";
		};
		6025A3B2205FFBDE00A84938 /* Products */ = {
			isa = PBXGroup;
			children = (
				6025A3B1205FFBDE00A84938 /* YYLayer.app */,
				6025A3C9205FFBDE00A84938 /* YYLayerTests.xctest */,
				6025A3D4205FFBDE00A84938 /* YYLayerUITests.xctest */,
			);
			name = Products;
			sourceTree = "<group>";
		};
		6025A3B3205FFBDE00A84938 /* YYLayer */ = {
			isa = PBXGroup;
			children = (
				609C34832063C86D00A1A051 /* Core */,
				608D02862060AC890018667A /* ignore */,
				608D02852060AC5F0018667A /* Resources */,
			);
			path = YYLayer;
			sourceTree = "<group>";
		};
		6025A3CC205FFBDE00A84938 /* YYLayerTests */ = {
			isa = PBXGroup;
			children = (
				6025A3CD205FFBDE00A84938 /* YYLayerTests.m */,
				6025A3CF205FFBDE00A84938 /* Info.plist */,
			);
			path = YYLayerTests;
			sourceTree = "<group>";
		};
		6025A3D7205FFBDE00A84938 /* YYLayerUITests */ = {
			isa = PBXGroup;
			children = (
				6025A3D8205FFBDE00A84938 /* YYLayerUITests.m */,
				6025A3DA205FFBDF00A84938 /* Info.plist */,
			);
			path = YYLayerUITests;
			sourceTree = "<group>";
		};
		608D02852060AC5F0018667A /* Resources */ = {
			isa = PBXGroup;
			children = (
				609C34872063CBF100A1A051 /* YYLayerScheme.plist */,
				6025A3BD205FFBDE00A84938 /* Assets.xcassets */,
			);
			path = Resources;
			sourceTree = "<group>";
		};
		608D02862060AC890018667A /* ignore */ = {
			isa = PBXGroup;
			children = (
				6025A3C2205FFBDE00A84938 /* Info.plist */,
				6025A3C3205FFBDE00A84938 /* main.m */,
				6025A3BF205FFBDE00A84938 /* LaunchScreen.storyboard */,
				6025A3B4205FFBDE00A84938 /* AppDelegate.h */,
				6025A3BA205FFBDE00A84938 /* Main.storyboard */,
				6025A3B5205FFBDE00A84938 /* AppDelegate.m */,
				6025A3B7205FFBDE00A84938 /* ViewController.h */,
				6025A3B8205FFBDE00A84938 /* ViewController.m */,
			);
			path = ignore;
			sourceTree = "<group>";
		};
		609C34832063C86D00A1A051 /* Core */ = {
			isa = PBXGroup;
			children = (
				609C34842063C88A00A1A051 /* YYOneViewController.h */,
				609C34852063C88A00A1A051 /* YYOneViewController.m */,
			);
			path = Core;
			sourceTree = "<group>";
		};
		72C064E3F6E77AD6904DD387 /* Pods */ = {
			isa = PBXGroup;
			children = (
				B28F237DE1246A7222628C2C /* Pods-YYLayer.debug.xcconfig */,
				02303345D761EC67C8BC9CE9 /* Pods-YYLayer.release.xcconfig */,
			);
			name = Pods;
			sourceTree = "<group>";
		};
		815E4F850CFDDBC1A441648F /* Frameworks */ = {
			isa = PBXGroup;
			children = (
				853E9371FB005954EB226C67 /* Pods_YYLayer.framework */,
			);
			name = Frameworks;
			sourceTree = "<group>";
		};
/* End PBXGroup section */

/* Begin PBXNativeTarget section */
		6025A3B0205FFBDE00A84938 /* YYLayer */ = {
			isa = PBXNativeTarget;
			buildConfigurationList = 6025A3DD205FFBDF00A84938 /* Build configuration list for PBXNativeTarget "YYLayer" */;
			buildPhases = (
				E31BF729C9550FA3765183D4 /* [CP] Check Pods Manifest.lock */,
				6025A3AD205FFBDE00A84938 /* Sources */,
				6025A3AE205FFBDE00A84938 /* Frameworks */,
				6025A3AF205FFBDE00A84938 /* Resources */,
				E8D41295E37611B24B03005D /* [CP] Embed Pods Frameworks */,
				DF483B8F4AD136E8EFB04EB8 /* [CP] Copy Pods Resources */,
			);
			buildRules = (
			);
			dependencies = (
			);
			name = YYLayer;
			productName = YYLayer;
			productReference = 6025A3B1205FFBDE00A84938 /* YYLayer.app */;
			productType = "com.apple.product-type.application";
		};
		6025A3C8205FFBDE00A84938 /* YYLayerTests */ = {
			isa = PBXNativeTarget;
			buildConfigurationList = 6025A3E0205FFBDF00A84938 /* Build configuration list for PBXNativeTarget "YYLayerTests" */;
			buildPhases = (
				6025A3C5205FFBDE00A84938 /* Sources */,
				6025A3C6205FFBDE00A84938 /* Frameworks */,
				6025A3C7205FFBDE00A84938 /* Resources */,
			);
			buildRules = (
			);
			dependencies = (
				6025A3CB205FFBDE00A84938 /* PBXTargetDependency */,
			);
			name = YYLayerTests;
			productName = YYLayerTests;
			productReference = 6025A3C9205FFBDE00A84938 /* YYLayerTests.xctest */;
			productType = "com.apple.product-type.bundle.unit-test";
		};
		6025A3D3205FFBDE00A84938 /* YYLayerUITests */ = {
			isa = PBXNativeTarget;
			buildConfigurationList = 6025A3E3205FFBDF00A84938 /* Build configuration list for PBXNativeTarget "YYLayerUITests" */;
			buildPhases = (
				6025A3D0205FFBDE00A84938 /* Sources */,
				6025A3D1205FFBDE00A84938 /* Frameworks */,
				6025A3D2205FFBDE00A84938 /* Resources */,
			);
			buildRules = (
			);
			dependencies = (
				6025A3D6205FFBDE00A84938 /* PBXTargetDependency */,
			);
			name = YYLayerUITests;
			productName = YYLayerUITests;
			productReference = 6025A3D4205FFBDE00A84938 /* YYLayerUITests.xctest */;
			productType = "com.apple.product-type.bundle.ui-testing";
		};
/* End PBXNativeTarget section */

/* Begin PBXProject section */
		6025A3A9205FFBDE00A84938 /* Project object */ = {
			isa = PBXProject;
			attributes = {
				LastUpgradeCheck = 0920;
				ORGANIZATIONNAME = "吴云海";
				TargetAttributes = {
					6025A3B0205FFBDE00A84938 = {
						CreatedOnToolsVersion = 9.2;
						ProvisioningStyle = Automatic;
					};
					6025A3C8205FFBDE00A84938 = {
						CreatedOnToolsVersion = 9.2;
						ProvisioningStyle = Automatic;
						TestTargetID = 6025A3B0205FFBDE00A84938;
					};
					6025A3D3205FFBDE00A84938 = {
						CreatedOnToolsVersion = 9.2;
						ProvisioningStyle = Automatic;
						TestTargetID = 6025A3B0205FFBDE00A84938;
					};
				};
			};
			buildConfigurationList = 6025A3AC205FFBDE00A84938 /* Build configuration list for PBXProject "YYLayer" */;
			compatibilityVersion = "Xcode 8.0";
			developmentRegion = en;
			hasScannedForEncodings = 0;
			knownRegions = (
				en,
				Base,
			);
			mainGroup = 6025A3A8205FFBDE00A84938;
			productRefGroup = 6025A3B2205FFBDE00A84938 /* Products */;
			projectDirPath = "";
			projectRoot = "";
			targets = (
				6025A3B0205FFBDE00A84938 /* YYLayer */,
				6025A3C8205FFBDE00A84938 /* YYLayerTests */,
				6025A3D3205FFBDE00A84938 /* YYLayerUITests */,
			);
		};
/* End PBXProject section */

/* Begin PBXResourcesBuildPhase section */
		6025A3AF205FFBDE00A84938 /* Resources */ = {
			isa = PBXResourcesBuildPhase;
			buildActionMask = 2147483647;
			files = (
				6025A3C1205FFBDE00A84938 /* LaunchScreen.storyboard in Resources */,
				609C34882063CBF100A1A051 /* YYLayerScheme.plist in Resources */,
				6025A3BE205FFBDE00A84938 /* Assets.xcassets in Resources */,
				6025A3BC205FFBDE00A84938 /* Main.storyboard in Resources */,
			);
			runOnlyForDeploymentPostprocessing = 0;
		};
		6025A3C7205FFBDE00A84938 /* Resources */ = {
			isa = PBXResourcesBuildPhase;
			buildActionMask = 2147483647;
			files = (
			);
			runOnlyForDeploymentPostprocessing = 0;
		};
		6025A3D2205FFBDE00A84938 /* Resources */ = {
			isa = PBXResourcesBuildPhase;
			buildActionMask = 2147483647;
			files = (
			);
			runOnlyForDeploymentPostprocessing = 0;
		};
/* End PBXResourcesBuildPhase section */

/* Begin PBXShellScriptBuildPhase section */
		DF483B8F4AD136E8EFB04EB8 /* [CP] Copy Pods Resources */ = {
			isa = PBXShellScriptBuildPhase;
			buildActionMask = 2147483647;
			files = (
			);
			inputPaths = (
			);
			name = "[CP] Copy Pods Resources";
			outputPaths = (
			);
			runOnlyForDeploymentPostprocessing = 0;
			shellPath = /bin/sh;
			shellScript = "\"${SRCROOT}/Pods/Target Support Files/Pods-YYLayer/Pods-YYLayer-resources.sh\"\n";
			showEnvVarsInLog = 0;
		};
		E31BF729C9550FA3765183D4 /* [CP] Check Pods Manifest.lock */ = {
			isa = PBXShellScriptBuildPhase;
			buildActionMask = 2147483647;
			files = (
			);
			inputPaths = (
				"${PODS_PODFILE_DIR_PATH}/Podfile.lock",
				"${PODS_ROOT}/Manifest.lock",
			);
			name = "[CP] Check Pods Manifest.lock";
			outputPaths = (
				"$(DERIVED_FILE_DIR)/Pods-YYLayer-checkManifestLockResult.txt",
			);
			runOnlyForDeploymentPostprocessing = 0;
			shellPath = /bin/sh;
			shellScript = "diff \"${PODS_PODFILE_DIR_PATH}/Podfile.lock\" \"${PODS_ROOT}/Manifest.lock\" > /dev/null\nif [ $? != 0 ] ; then\n    # print error to STDERR\n    echo \"error: The sandbox is not in sync with the Podfile.lock. Run 'pod install' or update your CocoaPods installation.\" >&2\n    exit 1\nfi\n# This output is used by Xcode 'outputs' to avoid re-running this script phase.\necho \"SUCCESS\" > \"${SCRIPT_OUTPUT_FILE_0}\"\n";
			showEnvVarsInLog = 0;
		};
		E8D41295E37611B24B03005D /* [CP] Embed Pods Frameworks */ = {
			isa = PBXShellScriptBuildPhase;
			buildActionMask = 2147483647;
			files = (
			);
			inputPaths = (
				"${SRCROOT}/Pods/Target Support Files/Pods-YYLayer/Pods-YYLayer-frameworks.sh",
				"${BUILT_PRODUCTS_DIR}/YHRouter/YHRouter.framework",
			);
			name = "[CP] Embed Pods Frameworks";
			outputPaths = (
				"${TARGET_BUILD_DIR}/${FRAMEWORKS_FOLDER_PATH}/YHRouter.framework",
			);
			runOnlyForDeploymentPostprocessing = 0;
			shellPath = /bin/sh;
			shellScript = "\"${SRCROOT}/Pods/Target Support Files/Pods-YYLayer/Pods-YYLayer-frameworks.sh\"\n";
			showEnvVarsInLog = 0;
		};
/* End PBXShellScriptBuildPhase section */

/* Begin PBXSourcesBuildPhase section */
		6025A3AD205FFBDE00A84938 /* Sources */ = {
			isa = PBXSourcesBuildPhase;
			buildActionMask = 2147483647;
			files = (
				6025A3B9205FFBDE00A84938 /* ViewController.m in Sources */,
				6025A3C4205FFBDE00A84938 /* main.m in Sources */,
				6025A3B6205FFBDE00A84938 /* AppDelegate.m in Sources */,
				609C34862063C88A00A1A051 /* YYOneViewController.m in Sources */,
			);
			runOnlyForDeploymentPostprocessing = 0;
		};
		6025A3C5205FFBDE00A84938 /* Sources */ = {
			isa = PBXSourcesBuildPhase;
			buildActionMask = 2147483647;
			files = (
				6025A3CE205FFBDE00A84938 /* YYLayerTests.m in Sources */,
			);
			runOnlyForDeploymentPostprocessing = 0;
		};
		6025A3D0205FFBDE00A84938 /* Sources */ = {
			isa = PBXSourcesBuildPhase;
			buildActionMask = 2147483647;
			files = (
				6025A3D9205FFBDE00A84938 /* YYLayerUITests.m in Sources */,
			);
			runOnlyForDeploymentPostprocessing = 0;
		};
/* End PBXSourcesBuildPhase section */

/* Begin PBXTargetDependency section */
		6025A3CB205FFBDE00A84938 /* PBXTargetDependency */ = {
			isa = PBXTargetDependency;
			target = 6025A3B0205FFBDE00A84938 /* YYLayer */;
			targetProxy = 6025A3CA205FFBDE00A84938 /* PBXContainerItemProxy */;
		};
		6025A3D6205FFBDE00A84938 /* PBXTargetDependency */ = {
			isa = PBXTargetDependency;
			target = 6025A3B0205FFBDE00A84938 /* YYLayer */;
			targetProxy = 6025A3D5205FFBDE00A84938 /* PBXContainerItemProxy */;
		};
/* End PBXTargetDependency section */

/* Begin PBXVariantGroup section */
		6025A3BA205FFBDE00A84938 /* Main.storyboard */ = {
			isa = PBXVariantGroup;
			children = (
				6025A3BB205FFBDE00A84938 /* Base */,
			);
			name = Main.storyboard;
			sourceTree = "<group>";
		};
		6025A3BF205FFBDE00A84938 /* LaunchScreen.storyboard */ = {
			isa = PBXVariantGroup;
			children = (
				6025A3C0205FFBDE00A84938 /* Base */,
			);
			name = LaunchScreen.storyboard;
			sourceTree = "<group>";
		};
/* End PBXVariantGroup section */

/* Begin XCBuildConfiguration section */
		6025A3DB205FFBDF00A84938 /* Debug */ = {
			isa = XCBuildConfiguration;
			buildSettings = {
				ALWAYS_SEARCH_USER_PATHS = NO;
				CLANG_ANALYZER_NONNULL = YES;
				CLANG_ANALYZER_NUMBER_OBJECT_CONVERSION = YES_AGGRESSIVE;
				CLANG_CXX_LANGUAGE_STANDARD = "gnu++14";
				CLANG_CXX_LIBRARY = "libc++";
				CLANG_ENABLE_MODULES = YES;
				CLANG_ENABLE_OBJC_ARC = YES;
				CLANG_WARN_BLOCK_CAPTURE_AUTORELEASING = YES;
				CLANG_WARN_BOOL_CONVERSION = YES;
				CLANG_WARN_COMMA = YES;
				CLANG_WARN_CONSTANT_CONVERSION = YES;
				CLANG_WARN_DIRECT_OBJC_ISA_USAGE = YES_ERROR;
				CLANG_WARN_DOCUMENTATION_COMMENTS = YES;
				CLANG_WARN_EMPTY_BODY = YES;
				CLANG_WARN_ENUM_CONVERSION = YES;
				CLANG_WARN_INFINITE_RECURSION = YES;
				CLANG_WARN_INT_CONVERSION = YES;
				CLANG_WARN_NON_LITERAL_NULL_CONVERSION = YES;
				CLANG_WARN_OBJC_LITERAL_CONVERSION = YES;
				CLANG_WARN_OBJC_ROOT_CLASS = YES_ERROR;
				CLANG_WARN_RANGE_LOOP_ANALYSIS = YES;
				CLANG_WARN_STRICT_PROTOTYPES = YES;
				CLANG_WARN_SUSPICIOUS_MOVE = YES;
				CLANG_WARN_UNGUARDED_AVAILABILITY = YES_AGGRESSIVE;
				CLANG_WARN_UNREACHABLE_CODE = YES;
				CLANG_WARN__DUPLICATE_METHOD_MATCH = YES;
				CODE_SIGN_IDENTITY = "iPhone Developer";
				COPY_PHASE_STRIP = NO;
				DEBUG_INFORMATION_FORMAT = dwarf;
				ENABLE_STRICT_OBJC_MSGSEND = YES;
				ENABLE_TESTABILITY = YES;
				GCC_C_LANGUAGE_STANDARD = gnu11;
				GCC_DYNAMIC_NO_PIC = NO;
				GCC_NO_COMMON_BLOCKS = YES;
				GCC_OPTIMIZATION_LEVEL = 0;
				GCC_PREPROCESSOR_DEFINITIONS = (
					"DEBUG=1",
					"$(inherited)",
				);
				GCC_WARN_64_TO_32_BIT_CONVERSION = YES;
				GCC_WARN_ABOUT_RETURN_TYPE = YES_ERROR;
				GCC_WARN_UNDECLARED_SELECTOR = YES;
				GCC_WARN_UNINITIALIZED_AUTOS = YES_AGGRESSIVE;
				GCC_WARN_UNUSED_FUNCTION = YES;
				GCC_WARN_UNUSED_VARIABLE = YES;
				IPHONEOS_DEPLOYMENT_TARGET = 11.2;
				MTL_ENABLE_DEBUG_INFO = YES;
				ONLY_ACTIVE_ARCH = YES;
				SDKROOT = iphoneos;
			};
			name = Debug;
		};
		6025A3DC205FFBDF00A84938 /* Release */ = {
			isa = XCBuildConfiguration;
			buildSettings = {
				ALWAYS_SEARCH_USER_PATHS = NO;
				CLANG_ANALYZER_NONNULL = YES;
				CLANG_ANALYZER_NUMBER_OBJECT_CONVERSION = YES_AGGRESSIVE;
				CLANG_CXX_LANGUAGE_STANDARD = "gnu++14";
				CLANG_CXX_LIBRARY = "libc++";
				CLANG_ENABLE_MODULES = YES;
				CLANG_ENABLE_OBJC_ARC = YES;
				CLANG_WARN_BLOCK_CAPTURE_AUTORELEASING = YES;
				CLANG_WARN_BOOL_CONVERSION = YES;
				CLANG_WARN_COMMA = YES;
				CLANG_WARN_CONSTANT_CONVERSION = YES;
				CLANG_WARN_DIRECT_OBJC_ISA_USAGE = YES_ERROR;
				CLANG_WARN_DOCUMENTATION_COMMENTS = YES;
				CLANG_WARN_EMPTY_BODY = YES;
				CLANG_WARN_ENUM_CONVERSION = YES;
				CLANG_WARN_INFINITE_RECURSION = YES;
				CLANG_WARN_INT_CONVERSION = YES;
				CLANG_WARN_NON_LITERAL_NULL_CONVERSION = YES;
				CLANG_WARN_OBJC_LITERAL_CONVERSION = YES;
				CLANG_WARN_OBJC_ROOT_CLASS = YES_ERROR;
				CLANG_WARN_RANGE_LOOP_ANALYSIS = YES;
				CLANG_WARN_STRICT_PROTOTYPES = YES;
				CLANG_WARN_SUSPICIOUS_MOVE = YES;
				CLANG_WARN_UNGUARDED_AVAILABILITY = YES_AGGRESSIVE;
				CLANG_WARN_UNREACHABLE_CODE = YES;
				CLANG_WARN__DUPLICATE_METHOD_MATCH = YES;
				CODE_SIGN_IDENTITY = "iPhone Developer";
				COPY_PHASE_STRIP = NO;
				DEBUG_INFORMATION_FORMAT = "dwarf-with-dsym";
				ENABLE_NS_ASSERTIONS = NO;
				ENABLE_STRICT_OBJC_MSGSEND = YES;
				GCC_C_LANGUAGE_STANDARD = gnu11;
				GCC_NO_COMMON_BLOCKS = YES;
				GCC_WARN_64_TO_32_BIT_CONVERSION = YES;
				GCC_WARN_ABOUT_RETURN_TYPE = YES_ERROR;
				GCC_WARN_UNDECLARED_SELECTOR = YES;
				GCC_WARN_UNINITIALIZED_AUTOS = YES_AGGRESSIVE;
				GCC_WARN_UNUSED_FUNCTION = YES;
				GCC_WARN_UNUSED_VARIABLE = YES;
				IPHONEOS_DEPLOYMENT_TARGET = 11.2;
				MTL_ENABLE_DEBUG_INFO = NO;
				SDKROOT = iphoneos;
				VALIDATE_PRODUCT = YES;
			};
			name = Release;
		};
		6025A3DE205FFBDF00A84938 /* Debug */ = {
			isa = XCBuildConfiguration;
			baseConfigurationReference = B28F237DE1246A7222628C2C /* Pods-YYLayer.debug.xcconfig */;
			buildSettings = {
				ASSETCATALOG_COMPILER_APPICON_NAME = AppIcon;
				CODE_SIGN_STYLE = Automatic;
				DEVELOPMENT_TEAM = YCGUEX6SZE;
				INFOPLIST_FILE = "$(SRCROOT)/YYLayer/ignore/Info.plist";
				LD_RUNPATH_SEARCH_PATHS = "$(inherited) @executable_path/Frameworks";
				PRODUCT_BUNDLE_IDENTIFIER = com.yunhai.YYLayer;
				PRODUCT_NAME = "$(TARGET_NAME)";
				TARGETED_DEVICE_FAMILY = "1,2";
			};
			name = Debug;
		};
		6025A3DF205FFBDF00A84938 /* Release */ = {
			isa = XCBuildConfiguration;
			baseConfigurationReference = 02303345D761EC67C8BC9CE9 /* Pods-YYLayer.release.xcconfig */;
			buildSettings = {
				ASSETCATALOG_COMPILER_APPICON_NAME = AppIcon;
				CODE_SIGN_STYLE = Automatic;
				DEVELOPMENT_TEAM = YCGUEX6SZE;
				INFOPLIST_FILE = "$(SRCROOT)/YYLayer/ignore/Info.plist";
				LD_RUNPATH_SEARCH_PATHS = "$(inherited) @executable_path/Frameworks";
				PRODUCT_BUNDLE_IDENTIFIER = com.yunhai.YYLayer;
				PRODUCT_NAME = "$(TARGET_NAME)";
				TARGETED_DEVICE_FAMILY = "1,2";
			};
			name = Release;
		};
		6025A3E1205FFBDF00A84938 /* Debug */ = {
			isa = XCBuildConfiguration;
			buildSettings = {
				BUNDLE_LOADER = "$(TEST_HOST)";
				CODE_SIGN_STYLE = Automatic;
				DEVELOPMENT_TEAM = YCGUEX6SZE;
				INFOPLIST_FILE = YYLayerTests/Info.plist;
				LD_RUNPATH_SEARCH_PATHS = "$(inherited) @executable_path/Frameworks @loader_path/Frameworks";
				PRODUCT_BUNDLE_IDENTIFIER = com.yunhai.YYLayerTests;
				PRODUCT_NAME = "$(TARGET_NAME)";
				TARGETED_DEVICE_FAMILY = "1,2";
				TEST_HOST = "$(BUILT_PRODUCTS_DIR)/YYLayer.app/YYLayer";
			};
			name = Debug;
		};
		6025A3E2205FFBDF00A84938 /* Release */ = {
			isa = XCBuildConfiguration;
			buildSettings = {
				BUNDLE_LOADER = "$(TEST_HOST)";
				CODE_SIGN_STYLE = Automatic;
				DEVELOPMENT_TEAM = YCGUEX6SZE;
				INFOPLIST_FILE = YYLayerTests/Info.plist;
				LD_RUNPATH_SEARCH_PATHS = "$(inherited) @executable_path/Frameworks @loader_path/Frameworks";
				PRODUCT_BUNDLE_IDENTIFIER = com.yunhai.YYLayerTests;
				PRODUCT_NAME = "$(TARGET_NAME)";
				TARGETED_DEVICE_FAMILY = "1,2";
				TEST_HOST = "$(BUILT_PRODUCTS_DIR)/YYLayer.app/YYLayer";
			};
			name = Release;
		};
		6025A3E4205FFBDF00A84938 /* Debug */ = {
			isa = XCBuildConfiguration;
			buildSettings = {
				CODE_SIGN_STYLE = Automatic;
				DEVELOPMENT_TEAM = YCGUEX6SZE;
				INFOPLIST_FILE = YYLayerUITests/Info.plist;
				LD_RUNPATH_SEARCH_PATHS = "$(inherited) @executable_path/Frameworks @loader_path/Frameworks";
				PRODUCT_BUNDLE_IDENTIFIER = com.yunhai.YYLayerUITests;
				PRODUCT_NAME = "$(TARGET_NAME)";
				TARGETED_DEVICE_FAMILY = "1,2";
				TEST_TARGET_NAME = YYLayer;
			};
			name = Debug;
		};
		6025A3E5205FFBDF00A84938 /* Release */ = {
			isa = XCBuildConfiguration;
			buildSettings = {
				CODE_SIGN_STYLE = Automatic;
				DEVELOPMENT_TEAM = YCGUEX6SZE;
				INFOPLIST_FILE = YYLayerUITests/Info.plist;
				LD_RUNPATH_SEARCH_PATHS = "$(inherited) @executable_path/Frameworks @loader_path/Frameworks";
				PRODUCT_BUNDLE_IDENTIFIER = com.yunhai.YYLayerUITests;
				PRODUCT_NAME = "$(TARGET_NAME)";
				TARGETED_DEVICE_FAMILY = "1,2";
				TEST_TARGET_NAME = YYLayer;
			};
			name = Release;
		};
/* End XCBuildConfiguration section */

/* Begin XCConfigurationList section */
		6025A3AC205FFBDE00A84938 /* Build configuration list for PBXProject "YYLayer" */ = {
			isa = XCConfigurationList;
			buildConfigurations = (
				6025A3DB205FFBDF00A84938 /* Debug */,
				6025A3DC205FFBDF00A84938 /* Release */,
			);
			defaultConfigurationIsVisible = 0;
			defaultConfigurationName = Release;
		};
		6025A3DD205FFBDF00A84938 /* Build configuration list for PBXNativeTarget "YYLayer" */ = {
			isa = XCConfigurationList;
			buildConfigurations = (
				6025A3DE205FFBDF00A84938 /* Debug */,
				6025A3DF205FFBDF00A84938 /* Release */,
			);
			defaultConfigurationIsVisible = 0;
			defaultConfigurationName = Release;
		};
		6025A3E0205FFBDF00A84938 /* Build configuration list for PBXNativeTarget "YYLayerTests" */ = {
			isa = XCConfigurationList;
			buildConfigurations = (
				6025A3E1205FFBDF00A84938 /* Debug */,
				6025A3E2205FFBDF00A84938 /* Release */,
			);
			defaultConfigurationIsVisible = 0;
			defaultConfigurationName = Release;
		};
		6025A3E3205FFBDF00A84938 /* Build configuration list for PBXNativeTarget "YYLayerUITests" */ = {
			isa = XCConfigurationList;
			buildConfigurations = (
				6025A3E4205FFBDF00A84938 /* Debug */,
				6025A3E5205FFBDF00A84938 /* Release */,
			);
			defaultConfigurationIsVisible = 0;
			defaultConfigurationName = Release;
		};
/* End XCConfigurationList section */
	};
	rootObject = 6025A3A9205FFBDE00A84938 /* Project object */;
}
